// !$*UTF8*$!
{
	archiveVersion = 1;
	classes = {
	};
	objectVersion = 50;
	objects = {

/* Begin PBXBuildFile section */
		48DDF92022BDEDEB000BA1B6 /* AppDelegate.swift in Sources */ = {isa = PBXBuildFile; fileRef = 48DDF91F22BDEDEB000BA1B6 /* AppDelegate.swift */; };
		48DDF92222BDEDEB000BA1B6 /* ViewController.swift in Sources */ = {isa = PBXBuildFile; fileRef = 48DDF92122BDEDEB000BA1B6 /* ViewController.swift */; };
		48DDF92522BDEDEB000BA1B6 /* Main.storyboard in Resources */ = {isa = PBXBuildFile; fileRef = 48DDF92322BDEDEB000BA1B6 /* Main.storyboard */; };
		48DDF92722BDEDEC000BA1B6 /* Assets.xcassets in Resources */ = {isa = PBXBuildFile; fileRef = 48DDF92622BDEDEC000BA1B6 /* Assets.xcassets */; };
		48DDF92A22BDEDEC000BA1B6 /* LaunchScreen.storyboard in Resources */ = {isa = PBXBuildFile; fileRef = 48DDF92822BDEDEC000BA1B6 /* LaunchScreen.storyboard */; };
		48DDF93522BDEDEC000BA1B6 /* passingdata01Tests.swift in Sources */ = {isa = PBXBuildFile; fileRef = 48DDF93422BDEDEC000BA1B6 /* passingdata01Tests.swift */; };
		48DDF94022BDEDEC000BA1B6 /* passingdata01UITests.swift in Sources */ = {isa = PBXBuildFile; fileRef = 48DDF93F22BDEDEC000BA1B6 /* passingdata01UITests.swift */; };
		48DDF94E22BDEE7D000BA1B6 /* DataTableViewCell.swift in Sources */ = {isa = PBXBuildFile; fileRef = 48DDF94D22BDEE7D000BA1B6 /* DataTableViewCell.swift */; };
/* End PBXBuildFile section */

/* Begin PBXContainerItemProxy section */
		48DDF93122BDEDEC000BA1B6 /* PBXContainerItemProxy */ = {
			isa = PBXContainerItemProxy;
			containerPortal = 48DDF91422BDEDEB000BA1B6 /* Project object */;
			proxyType = 1;
			remoteGlobalIDString = 48DDF91B22BDEDEB000BA1B6;
			remoteInfo = passingdata01;
		};
		48DDF93C22BDEDEC000BA1B6 /* PBXContainerItemProxy */ = {
			isa = PBXContainerItemProxy;
			containerPortal = 48DDF91422BDEDEB000BA1B6 /* Project object */;
			proxyType = 1;
			remoteGlobalIDString = 48DDF91B22BDEDEB000BA1B6;
			remoteInfo = passingdata01;
		};
/* End PBXContainerItemProxy section */

/* Begin PBXFileReference section */
		48DDF91C22BDEDEB000BA1B6 /* passingdata01.app */ = {isa = PBXFileReference; explicitFileType = wrapper.application; includeInIndex = 0; path = passingdata01.app; sourceTree = BUILT_PRODUCTS_DIR; };
		48DDF91F22BDEDEB000BA1B6 /* AppDelegate.swift */ = {isa = PBXFileReference; lastKnownFileType = sourcecode.swift; path = AppDelegate.swift; sourceTree = "<group>"; };
		48DDF92122BDEDEB000BA1B6 /* ViewController.swift */ = {isa = PBXFileReference; lastKnownFileType = sourcecode.swift; path = ViewController.swift; sourceTree = "<group>"; };
		48DDF92422BDEDEB000BA1B6 /* Base */ = {isa = PBXFileReference; lastKnownFileType = file.storyboard; name = Base; path = Base.lproj/Main.storyboard; sourceTree = "<group>"; };
		48DDF92622BDEDEC000BA1B6 /* Assets.xcassets */ = {isa = PBXFileReference; lastKnownFileType = folder.assetcatalog; path = Assets.xcassets; sourceTree = "<group>"; };
		48DDF92922BDEDEC000BA1B6 /* Base */ = {isa = PBXFileReference; lastKnownFileType = file.storyboard; name = Base; path = Base.lproj/LaunchScreen.storyboard; sourceTree = "<group>"; };
		48DDF92B22BDEDEC000BA1B6 /* Info.plist */ = {isa = PBXFileReference; lastKnownFileType = text.plist.xml; path = Info.plist; sourceTree = "<group>"; };
		48DDF93022BDEDEC000BA1B6 /* passingdata01Tests.xctest */ = {isa = PBXFileReference; explicitFileType = wrapper.cfbundle; includeInIndex = 0; path = passingdata01Tests.xctest; sourceTree = BUILT_PRODUCTS_DIR; };
		48DDF93422BDEDEC000BA1B6 /* passingdata01Tests.swift */ = {isa = PBXFileReference; lastKnownFileType = sourcecode.swift; path = passingdata01Tests.swift; sourceTree = "<group>"; };
		48DDF93622BDEDEC000BA1B6 /* Info.plist */ = {isa = PBXFileReference; lastKnownFileType = text.plist.xml; path = Info.plist; sourceTree = "<group>"; };
		48DDF93B22BDEDEC000BA1B6 /* passingdata01UITests.xctest */ = {isa = PBXFileReference; explicitFileType = wrapper.cfbundle; includeInIndex = 0; path = passingdata01UITests.xctest; sourceTree = BUILT_PRODUCTS_DIR; };
		48DDF93F22BDEDEC000BA1B6 /* passingdata01UITests.swift */ = {isa = PBXFileReference; lastKnownFileType = sourcecode.swift; path = passingdata01UITests.swift; sourceTree = "<group>"; };
		48DDF94122BDEDEC000BA1B6 /* Info.plist */ = {isa = PBXFileReference; lastKnownFileType = text.plist.xml; path = Info.plist; sourceTree = "<group>"; };
		48DDF94D22BDEE7D000BA1B6 /* DataTableViewCell.swift */ = {isa = PBXFileReference; lastKnownFileType = sourcecode.swift; path = DataTableViewCell.swift; sourceTree = "<group>"; };
/* End PBXFileReference section */

/* Begin PBXFrameworksBuildPhase section */
		48DDF91922BDEDEB000BA1B6 /* Frameworks */ = {
			isa = PBXFrameworksBuildPhase;
			buildActionMask = 2147483647;
			files = (
			);
			runOnlyForDeploymentPostprocessing = 0;
		};
		48DDF92D22BDEDEC000BA1B6 /* Frameworks */ = {
			isa = PBXFrameworksBuildPhase;
			buildActionMask = 2147483647;
			files = (
			);
			runOnlyForDeploymentPostprocessing = 0;
		};
		48DDF93822BDEDEC000BA1B6 /* Frameworks */ = {
			isa = PBXFrameworksBuildPhase;
			buildActionMask = 2147483647;
			files = (
			);
			runOnlyForDeploymentPostprocessing = 0;
		};
/* End PBXFrameworksBuildPhase section */

/* Begin PBXGroup section */
		48DDF91322BDEDEB000BA1B6 = {
			isa = PBXGroup;
			children = (
				48DDF91E22BDEDEB000BA1B6 /* passingdata01 */,
				48DDF93322BDEDEC000BA1B6 /* passingdata01Tests */,
				48DDF93E22BDEDEC000BA1B6 /* passingdata01UITests */,
				48DDF91D22BDEDEB000BA1B6 /* Products */,
			);
			sourceTree = "<group>";
		};
		48DDF91D22BDEDEB000BA1B6 /* Products */ = {
			isa = PBXGroup;
			children = (
				48DDF91C22BDEDEB000BA1B6 /* passingdata01.app */,
				48DDF93022BDEDEC000BA1B6 /* passingdata01Tests.xctest */,
				48DDF93B22BDEDEC000BA1B6 /* passingdata01UITests.xctest */,
			);
			name = Products;
			sourceTree = "<group>";
		};
		48DDF91E22BDEDEB000BA1B6 /* passingdata01 */ = {
			isa = PBXGroup;
			children = (
				48DDF91F22BDEDEB000BA1B6 /* AppDelegate.swift */,
				48DDF92122BDEDEB000BA1B6 /* ViewController.swift */,
				48DDF92322BDEDEB000BA1B6 /* Main.storyboard */,
				48DDF92622BDEDEC000BA1B6 /* Assets.xcassets */,
				48DDF92822BDEDEC000BA1B6 /* LaunchScreen.storyboard */,
				48DDF92B22BDEDEC000BA1B6 /* Info.plist */,
				48DDF94D22BDEE7D000BA1B6 /* DataTableViewCell.swift */,
			);
			path = passingdata01;
			sourceTree = "<group>";
		};
		48DDF93322BDEDEC000BA1B6 /* passingdata01Tests */ = {
			isa = PBXGroup;
			children = (
				48DDF93422BDEDEC000BA1B6 /* passingdata01Tests.swift */,
				48DDF93622BDEDEC000BA1B6 /* Info.plist */,
			);
			path = passingdata01Tests;
			sourceTree = "<group>";
		};
		48DDF93E22BDEDEC000BA1B6 /* passingdata01UITests */ = {
			isa = PBXGroup;
			children = (
				48DDF93F22BDEDEC000BA1B6 /* passingdata01UITests.swift */,
				48DDF94122BDEDEC000BA1B6 /* Info.plist */,
			);
			path = passingdata01UITests;
			sourceTree = "<group>";
		};
/* End PBXGroup section */

/* Begin PBXNativeTarget section */
		48DDF91B22BDEDEB000BA1B6 /* passingdata01 */ = {
			isa = PBXNativeTarget;
			buildConfigurationList = 48DDF94422BDEDEC000BA1B6 /* Build configuration list for PBXNativeTarget "passingdata01" */;
			buildPhases = (
				48DDF91822BDEDEB000BA1B6 /* Sources */,
				48DDF91922BDEDEB000BA1B6 /* Frameworks */,
				48DDF91A22BDEDEB000BA1B6 /* Resources */,
			);
			buildRules = (
			);
			dependencies = (
			);
			name = passingdata01;
			productName = passingdata01;
			productReference = 48DDF91C22BDEDEB000BA1B6 /* passingdata01.app */;
			productType = "com.apple.product-type.application";
		};
		48DDF92F22BDEDEC000BA1B6 /* passingdata01Tests */ = {
			isa = PBXNativeTarget;
			buildConfigurationList = 48DDF94722BDEDEC000BA1B6 /* Build configuration list for PBXNativeTarget "passingdata01Tests" */;
			buildPhases = (
				48DDF92C22BDEDEC000BA1B6 /* Sources */,
				48DDF92D22BDEDEC000BA1B6 /* Frameworks */,
				48DDF92E22BDEDEC000BA1B6 /* Resources */,
			);
			buildRules = (
			);
			dependencies = (
				48DDF93222BDEDEC000BA1B6 /* PBXTargetDependency */,
			);
			name = passingdata01Tests;
			productName = passingdata01Tests;
			productReference = 48DDF93022BDEDEC000BA1B6 /* passingdata01Tests.xctest */;
			productType = "com.apple.product-type.bundle.unit-test";
		};
		48DDF93A22BDEDEC000BA1B6 /* passingdata01UITests */ = {
			isa = PBXNativeTarget;
			buildConfigurationList = 48DDF94A22BDEDEC000BA1B6 /* Build configuration list for PBXNativeTarget "passingdata01UITests" */;
			buildPhases = (
				48DDF93722BDEDEC000BA1B6 /* Sources */,
				48DDF93822BDEDEC000BA1B6 /* Frameworks */,
				48DDF93922BDEDEC000BA1B6 /* Resources */,
			);
			buildRules = (
			);
			dependencies = (
				48DDF93D22BDEDEC000BA1B6 /* PBXTargetDependency */,
			);
			name = passingdata01UITests;
			productName = passingdata01UITests;
			productReference = 48DDF93B22BDEDEC000BA1B6 /* passingdata01UITests.xctest */;
			productType = "com.apple.product-type.bundle.ui-testing";
		};
/* End PBXNativeTarget section */

/* Begin PBXProject section */
		48DDF91422BDEDEB000BA1B6 /* Project object */ = {
			isa = PBXProject;
			attributes = {
				LastSwiftUpdateCheck = 1020;
				LastUpgradeCheck = 1020;
				ORGANIZATIONNAME = HYEOKBOOK;
				TargetAttributes = {
					48DDF91B22BDEDEB000BA1B6 = {
						CreatedOnToolsVersion = 10.2.1;
					};
					48DDF92F22BDEDEC000BA1B6 = {
						CreatedOnToolsVersion = 10.2.1;
						TestTargetID = 48DDF91B22BDEDEB000BA1B6;
					};
					48DDF93A22BDEDEC000BA1B6 = {
						CreatedOnToolsVersion = 10.2.1;
						TestTargetID = 48DDF91B22BDEDEB000BA1B6;
					};
				};
			};
			buildConfigurationList = 48DDF91722BDEDEB000BA1B6 /* Build configuration list for PBXProject "passingdata01" */;
			compatibilityVersion = "Xcode 9.3";
			developmentRegion = en;
			hasScannedForEncodings = 0;
			knownRegions = (
				en,
				Base,
			);
			mainGroup = 48DDF91322BDEDEB000BA1B6;
			productRefGroup = 48DDF91D22BDEDEB000BA1B6 /* Products */;
			projectDirPath = "";
			projectRoot = "";
			targets = (
				48DDF91B22BDEDEB000BA1B6 /* passingdata01 */,
				48DDF92F22BDEDEC000BA1B6 /* passingdata01Tests */,
				48DDF93A22BDEDEC000BA1B6 /* passingdata01UITests */,
			);
		};
/* End PBXProject section */

/* Begin PBXResourcesBuildPhase section */
		48DDF91A22BDEDEB000BA1B6 /* Resources */ = {
			isa = PBXResourcesBuildPhase;
			buildActionMask = 2147483647;
			files = (
				48DDF92A22BDEDEC000BA1B6 /* LaunchScreen.storyboard in Resources */,
				48DDF92722BDEDEC000BA1B6 /* Assets.xcassets in Resources */,
				48DDF92522BDEDEB000BA1B6 /* Main.storyboard in Resources */,
			);
			runOnlyForDeploymentPostprocessing = 0;
		};
		48DDF92E22BDEDEC000BA1B6 /* Resources */ = {
			isa = PBXResourcesBuildPhase;
			buildActionMask = 2147483647;
			files = (
			);
			runOnlyForDeploymentPostprocessing = 0;
		};
		48DDF93922BDEDEC000BA1B6 /* Resources */ = {
			isa = PBXResourcesBuildPhase;
			buildActionMask = 2147483647;
			files = (
			);
			runOnlyForDeploymentPostprocessing = 0;
		};
/* End PBXResourcesBuildPhase section */

/* Begin PBXSourcesBuildPhase section */
		48DDF91822BDEDEB000BA1B6 /* Sources */ = {
			isa = PBXSourcesBuildPhase;
			buildActionMask = 2147483647;
			files = (
				48DDF92222BDEDEB000BA1B6 /* ViewController.swift in Sources */,
				48DDF94E22BDEE7D000BA1B6 /* DataTableViewCell.swift in Sources */,
				48DDF92022BDEDEB000BA1B6 /* AppDelegate.swift in Sources */,
			);
			runOnlyForDeploymentPostprocessing = 0;
		};
		48DDF92C22BDEDEC000BA1B6 /* Sources */ = {
			isa = PBXSourcesBuildPhase;
			buildActionMask = 2147483647;
			files = (
				48DDF93522BDEDEC000BA1B6 /* passingdata01Tests.swift in Sources */,
			);
			runOnlyForDeploymentPostprocessing = 0;
		};
		48DDF93722BDEDEC000BA1B6 /* Sources */ = {
			isa = PBXSourcesBuildPhase;
			buildActionMask = 2147483647;
			files = (
				48DDF94022BDEDEC000BA1B6 /* passingdata01UITests.swift in Sources */,
			);
			runOnlyForDeploymentPostprocessing = 0;
		};
/* End PBXSourcesBuildPhase section */

/* Begin PBXTargetDependency section */
		48DDF93222BDEDEC000BA1B6 /* PBXTargetDependency */ = {
			isa = PBXTargetDependency;
			target = 48DDF91B22BDEDEB000BA1B6 /* passingdata01 */;
			targetProxy = 48DDF93122BDEDEC000BA1B6 /* PBXContainerItemProxy */;
		};
		48DDF93D22BDEDEC000BA1B6 /* PBXTargetDependency */ = {
			isa = PBXTargetDependency;
			target = 48DDF91B22BDEDEB000BA1B6 /* passingdata01 */;
			targetProxy = 48DDF93C22BDEDEC000BA1B6 /* PBXContainerItemProxy */;
		};
/* End PBXTargetDependency section */

/* Begin PBXVariantGroup section */
		48DDF92322BDEDEB000BA1B6 /* Main.storyboard */ = {
			isa = PBXVariantGroup;
			children = (
				48DDF92422BDEDEB000BA1B6 /* Base */,
			);
			name = Main.storyboard;
			sourceTree = "<group>";
		};
		48DDF92822BDEDEC000BA1B6 /* LaunchScreen.storyboard */ = {
			isa = PBXVariantGroup;
			children = (
				48DDF92922BDEDEC000BA1B6 /* Base */,
			);
			name = LaunchScreen.storyboard;
			sourceTree = "<group>";
		};
/* End PBXVariantGroup section */

/* Begin XCBuildConfiguration section */
		48DDF94222BDEDEC000BA1B6 /* Debug */ = {
			isa = XCBuildConfiguration;
			buildSettings = {
				ALWAYS_SEARCH_USER_PATHS = NO;
				CLANG_ANALYZER_NONNULL = YES;
				CLANG_ANALYZER_NUMBER_OBJECT_CONVERSION = YES_AGGRESSIVE;
				CLANG_CXX_LANGUAGE_STANDARD = "gnu++14";
				CLANG_CXX_LIBRARY = "libc++";
				CLANG_ENABLE_MODULES = YES;
				CLANG_ENABLE_OBJC_ARC = YES;
				CLANG_ENABLE_OBJC_WEAK = YES;
				CLANG_WARN_BLOCK_CAPTURE_AUTORELEASING = YES;
				CLANG_WARN_BOOL_CONVERSION = YES;
				CLANG_WARN_COMMA = YES;
				CLANG_WARN_CONSTANT_CONVERSION = YES;
				CLANG_WARN_DEPRECATED_OBJC_IMPLEMENTATIONS = YES;
				CLANG_WARN_DIRECT_OBJC_ISA_USAGE = YES_ERROR;
				CLANG_WARN_DOCUMENTATION_COMMENTS = YES;
				CLANG_WARN_EMPTY_BODY = YES;
				CLANG_WARN_ENUM_CONVERSION = YES;
				CLANG_WARN_INFINITE_RECURSION = YES;
				CLANG_WARN_INT_CONVERSION = YES;
				CLANG_WARN_NON_LITERAL_NULL_CONVERSION = YES;
				CLANG_WARN_OBJC_IMPLICIT_RETAIN_SELF = YES;
				CLANG_WARN_OBJC_LITERAL_CONVERSION = YES;
				CLANG_WARN_OBJC_ROOT_CLASS = YES_ERROR;
				CLANG_WARN_RANGE_LOOP_ANALYSIS = YES;
				CLANG_WARN_STRICT_PROTOTYPES = YES;
				CLANG_WARN_SUSPICIOUS_MOVE = YES;
				CLANG_WARN_UNGUARDED_AVAILABILITY = YES_AGGRESSIVE;
				CLANG_WARN_UNREACHABLE_CODE = YES;
				CLANG_WARN__DUPLICATE_METHOD_MATCH = YES;
				CODE_SIGN_IDENTITY = "iPhone Developer";
				COPY_PHASE_STRIP = NO;
				DEBUG_INFORMATION_FORMAT = dwarf;
				ENABLE_STRICT_OBJC_MSGSEND = YES;
				ENABLE_TESTABILITY = YES;
				GCC_C_LANGUAGE_STANDARD = gnu11;
				GCC_DYNAMIC_NO_PIC = NO;
				GCC_NO_COMMON_BLOCKS = YES;
				GCC_OPTIMIZATION_LEVEL = 0;
				GCC_PREPROCESSOR_DEFINITIONS = (
					"DEBUG=1",
					"$(inherited)",
				);
				GCC_WARN_64_TO_32_BIT_CONVERSION = YES;
				GCC_WARN_ABOUT_RETURN_TYPE = YES_ERROR;
				GCC_WARN_UNDECLARED_SELECTOR = YES;
				GCC_WARN_UNINITIALIZED_AUTOS = YES_AGGRESSIVE;
				GCC_WARN_UNUSED_FUNCTION = YES;
				GCC_WARN_UNUSED_VARIABLE = YES;
				IPHONEOS_DEPLOYMENT_TARGET = 12.2;
				MTL_ENABLE_DEBUG_INFO = INCLUDE_SOURCE;
				MTL_FAST_MATH = YES;
				ONLY_ACTIVE_ARCH = YES;
				SDKROOT = iphoneos;
				SWIFT_ACTIVE_COMPILATION_CONDITIONS = DEBUG;
				SWIFT_OPTIMIZATION_LEVEL = "-Onone";
			};
			name = Debug;
		};
		48DDF94322BDEDEC000BA1B6 /* Release */ = {
			isa = XCBuildConfiguration;
			buildSettings = {
				ALWAYS_SEARCH_USER_PATHS = NO;
				CLANG_ANALYZER_NONNULL = YES;
				CLANG_ANALYZER_NUMBER_OBJECT_CONVERSION = YES_AGGRESSIVE;
				CLANG_CXX_LANGUAGE_STANDARD = "gnu++14";
				CLANG_CXX_LIBRARY = "libc++";
				CLANG_ENABLE_MODULES = YES;
				CLANG_ENABLE_OBJC_ARC = YES;
				CLANG_ENABLE_OBJC_WEAK = YES;
				CLANG_WARN_BLOCK_CAPTURE_AUTORELEASING = YES;
				CLANG_WARN_BOOL_CONVERSION = YES;
				CLANG_WARN_COMMA = YES;
				CLANG_WARN_CONSTANT_CONVERSION = YES;
				CLANG_WARN_DEPRECATED_OBJC_IMPLEMENTATIONS = YES;
				CLANG_WARN_DIRECT_OBJC_ISA_USAGE = YES_ERROR;
				CLANG_WARN_DOCUMENTATION_COMMENTS = YES;
				CLANG_WARN_EMPTY_BODY = YES;
				CLANG_WARN_ENUM_CONVERSION = YES;
				CLANG_WARN_INFINITE_RECURSION = YES;
				CLANG_WARN_INT_CONVERSION = YES;
				CLANG_WARN_NON_LITERAL_NULL_CONVERSION = YES;
				CLANG_WARN_OBJC_IMPLICIT_RETAIN_SELF = YES;
				CLANG_WARN_OBJC_LITERAL_CONVERSION = YES;
				CLANG_WARN_OBJC_ROOT_CLASS = YES_ERROR;
				CLANG_WARN_RANGE_LOOP_ANALYSIS = YES;
				CLANG_WARN_STRICT_PROTOTYPES = YES;
				CLANG_WARN_SUSPICIOUS_MOVE = YES;
				CLANG_WARN_UNGUARDED_AVAILABILITY = YES_AGGRESSIVE;
				CLANG_WARN_UNREACHABLE_CODE = YES;
				CLANG_WARN__DUPLICATE_METHOD_MATCH = YES;
				CODE_SIGN_IDENTITY = "iPhone Developer";
				COPY_PHASE_STRIP = NO;
				DEBUG_INFORMATION_FORMAT = "dwarf-with-dsym";
				ENABLE_NS_ASSERTIONS = NO;
				ENABLE_STRICT_OBJC_MSGSEND = YES;
				GCC_C_LANGUAGE_STANDARD = gnu11;
				GCC_NO_COMMON_BLOCKS = YES;
				GCC_WARN_64_TO_32_BIT_CONVERSION = YES;
				GCC_WARN_ABOUT_RETURN_TYPE = YES_ERROR;
				GCC_WARN_UNDECLARED_SELECTOR = YES;
				GCC_WARN_UNINITIALIZED_AUTOS = YES_AGGRESSIVE;
				GCC_WARN_UNUSED_FUNCTION = YES;
				GCC_WARN_UNUSED_VARIABLE = YES;
				IPHONEOS_DEPLOYMENT_TARGET = 12.2;
				MTL_ENABLE_DEBUG_INFO = NO;
				MTL_FAST_MATH = YES;
				SDKROOT = iphoneos;
				SWIFT_COMPILATION_MODE = wholemodule;
				SWIFT_OPTIMIZATION_LEVEL = "-O";
				VALIDATE_PRODUCT = YES;
			};
			name = Release;
		};
		48DDF94522BDEDEC000BA1B6 /* Debug */ = {
			isa = XCBuildConfiguration;
			buildSettings = {
				ASSETCATALOG_COMPILER_APPICON_NAME = AppIcon;
				CODE_SIGN_STYLE = Automatic;
				INFOPLIST_FILE = passingdata01/Info.plist;
				LD_RUNPATH_SEARCH_PATHS = (
					"$(inherited)",
					"@executable_path/Frameworks",
				);
				PRODUCT_BUNDLE_IDENTIFIER = com.kimjunhyeok.passingdata01;
				PRODUCT_NAME = "$(TARGET_NAME)";
				SWIFT_VERSION = 5.0;
				TARGETED_DEVICE_FAMILY = "1,2";
			};
			name = Debug;
		};
		48DDF94622BDEDEC000BA1B6 /* Release */ = {
			isa = XCBuildConfiguration;
			buildSettings = {
				ASSETCATALOG_COMPILER_APPICON_NAME = AppIcon;
				CODE_SIGN_STYLE = Automatic;
				INFOPLIST_FILE = passingdata01/Info.plist;
				LD_RUNPATH_SEARCH_PATHS = (
					"$(inherited)",
					"@executable_path/Frameworks",
				);
				PRODUCT_BUNDLE_IDENTIFIER = com.kimjunhyeok.passingdata01;
				PRODUCT_NAME = "$(TARGET_NAME)";
				SWIFT_VERSION = 5.0;
				TARGETED_DEVICE_FAMILY = "1,2";
			};
			name = Release;
		};
		48DDF94822BDEDEC000BA1B6 /* Debug */ = {
			isa = XCBuildConfiguration;
			buildSettings = {
				ALWAYS_EMBED_SWIFT_STANDARD_LIBRARIES = YES;
				BUNDLE_LOADER = "$(TEST_HOST)";
				CODE_SIGN_STYLE = Automatic;
				INFOPLIST_FILE = passingdata01Tests/Info.plist;
				LD_RUNPATH_SEARCH_PATHS = (
					"$(inherited)",
					"@executable_path/Frameworks",
					"@loader_path/Frameworks",
				);
				PRODUCT_BUNDLE_IDENTIFIER = com.kimjunhyeok.passingdata01Tests;
				PRODUCT_NAME = "$(TARGET_NAME)";
				SWIFT_VERSION = 5.0;
				TARGETED_DEVICE_FAMILY = "1,2";
				TEST_HOST = "$(BUILT_PRODUCTS_DIR)/passingdata01.app/passingdata01";
			};
			name = Debug;
		};
		48DDF94922BDEDEC000BA1B6 /* Release */ = {
			isa = XCBuildConfiguration;
			buildSettings = {
				ALWAYS_EMBED_SWIFT_STANDARD_LIBRARIES = YES;
				BUNDLE_LOADER = "$(TEST_HOST)";
				CODE_SIGN_STYLE = Automatic;
				INFOPLIST_FILE = passingdata01Tests/Info.plist;
				LD_RUNPATH_SEARCH_PATHS = (
					"$(inherited)",
					"@executable_path/Frameworks",
					"@loader_path/Frameworks",
				);
				PRODUCT_BUNDLE_IDENTIFIER = com.kimjunhyeok.passingdata01Tests;
				PRODUCT_NAME = "$(TARGET_NAME)";
				SWIFT_VERSION = 5.0;
				TARGETED_DEVICE_FAMILY = "1,2";
				TEST_HOST = "$(BUILT_PRODUCTS_DIR)/passingdata01.app/passingdata01";
			};
			name = Release;
		};
		48DDF94B22BDEDEC000BA1B6 /* Debug */ = {
			isa = XCBuildConfiguration;
			buildSettings = {
				ALWAYS_EMBED_SWIFT_STANDARD_LIBRARIES = YES;
				CODE_SIGN_STYLE = Automatic;
				INFOPLIST_FILE = passingdata01UITests/Info.plist;
				LD_RUNPATH_SEARCH_PATHS = (
					"$(inherited)",
					"@executable_path/Frameworks",
					"@loader_path/Frameworks",
				);
				PRODUCT_BUNDLE_IDENTIFIER = com.kimjunhyeok.passingdata01UITests;
				PRODUCT_NAME = "$(TARGET_NAME)";
				SWIFT_VERSION = 5.0;
				TARGETED_DEVICE_FAMILY = "1,2";
				TEST_TARGET_NAME = passingdata01;
			};
			name = Debug;
		};
		48DDF94C22BDEDEC000BA1B6 /* Release */ = {
			isa = XCBuildConfiguration;
			buildSettings = {
				ALWAYS_EMBED_SWIFT_STANDARD_LIBRARIES = YES;
				CODE_SIGN_STYLE = Automatic;
				INFOPLIST_FILE = passingdata01UITests/Info.plist;
				LD_RUNPATH_SEARCH_PATHS = (
					"$(inherited)",
					"@executable_path/Frameworks",
					"@loader_path/Frameworks",
				);
				PRODUCT_BUNDLE_IDENTIFIER = com.kimjunhyeok.passingdata01UITests;
				PRODUCT_NAME = "$(TARGET_NAME)";
				SWIFT_VERSION = 5.0;
				TARGETED_DEVICE_FAMILY = "1,2";
				TEST_TARGET_NAME = passingdata01;
			};
			name = Release;
		};
/* End XCBuildConfiguration section */

/* Begin XCConfigurationList section */
		48DDF91722BDEDEB000BA1B6 /* Build configuration list for PBXProject "passingdata01" */ = {
			isa = XCConfigurationList;
			buildConfigurations = (
				48DDF94222BDEDEC000BA1B6 /* Debug */,
				48DDF94322BDEDEC000BA1B6 /* Release */,
			);
			defaultConfigurationIsVisible = 0;
			defaultConfigurationName = Release;
		};
		48DDF94422BDEDEC000BA1B6 /* Build configuration list for PBXNativeTarget "passingdata01" */ = {
			isa = XCConfigurationList;
			buildConfigurations = (
				48DDF94522BDEDEC000BA1B6 /* Debug */,
				48DDF94622BDEDEC000BA1B6 /* Release */,
			);
			defaultConfigurationIsVisible = 0;
			defaultConfigurationName = Release;
		};
		48DDF94722BDEDEC000BA1B6 /* Build configuration list for PBXNativeTarget "passingdata01Tests" */ = {
			isa = XCConfigurationList;
			buildConfigurations = (
				48DDF94822BDEDEC000BA1B6 /* Debug */,
				48DDF94922BDEDEC000BA1B6 /* Release */,
			);
			defaultConfigurationIsVisible = 0;
			defaultConfigurationName = Release;
		};
		48DDF94A22BDEDEC000BA1B6 /* Build configuration list for PBXNativeTarget "passingdata01UITests" */ = {
			isa = XCConfigurationList;
			buildConfigurations = (
				48DDF94B22BDEDEC000BA1B6 /* Debug */,
				48DDF94C22BDEDEC000BA1B6 /* Release */,
			);
			defaultConfigurationIsVisible = 0;
			defaultConfigurationName = Release;
		};
/* End XCConfigurationList section */
	};
	rootObject = 48DDF91422BDEDEB000BA1B6 /* Project object */;
}
